// !$*UTF8*$!
{
	archiveVersion = 1;
	classes = {
	};
	objectVersion = 46;
	objects = {

/* Begin PBXBuildFile section */
		A4102F291BD5A6BE00E1D695 /* OurSVCViewController.swift in Sources */ = {isa = PBXBuildFile; fileRef = A4102F281BD5A6BE00E1D695 /* OurSVCViewController.swift */; settings = {ASSET_TAGS = (); }; };
		A48514261BD428A100F1D088 /* AppDelegate.swift in Sources */ = {isa = PBXBuildFile; fileRef = A48514251BD428A100F1D088 /* AppDelegate.swift */; };
		A48514281BD428A100F1D088 /* ViewController.swift in Sources */ = {isa = PBXBuildFile; fileRef = A48514271BD428A100F1D088 /* ViewController.swift */; };
		A485142B1BD428A100F1D088 /* Main.storyboard in Resources */ = {isa = PBXBuildFile; fileRef = A48514291BD428A100F1D088 /* Main.storyboard */; };
		A485142D1BD428A200F1D088 /* Assets.xcassets in Resources */ = {isa = PBXBuildFile; fileRef = A485142C1BD428A200F1D088 /* Assets.xcassets */; };
		A48514301BD428A200F1D088 /* LaunchScreen.storyboard in Resources */ = {isa = PBXBuildFile; fileRef = A485142E1BD428A200F1D088 /* LaunchScreen.storyboard */; };
		A4F978E11BD5DD870051FBF0 /* TransactionsViewController.swift in Sources */ = {isa = PBXBuildFile; fileRef = A4F978E01BD5DD870051FBF0 /* TransactionsViewController.swift */; settings = {ASSET_TAGS = (); }; };
		A4F978E51BD5E68C0051FBF0 /* Transaction.swift in Sources */ = {isa = PBXBuildFile; fileRef = A4F978E41BD5E68C0051FBF0 /* Transaction.swift */; settings = {ASSET_TAGS = (); }; };
/* End PBXBuildFile section */

/* Begin PBXFileReference section */
		A4102F281BD5A6BE00E1D695 /* OurSVCViewController.swift */ = {isa = PBXFileReference; fileEncoding = 4; lastKnownFileType = sourcecode.swift; path = OurSVCViewController.swift; sourceTree = "<group>"; };
		A48514221BD428A100F1D088 /* Electronic Register.app */ = {isa = PBXFileReference; explicitFileType = wrapper.application; includeInIndex = 0; path = "Electronic Register.app"; sourceTree = BUILT_PRODUCTS_DIR; };
		A48514251BD428A100F1D088 /* AppDelegate.swift */ = {isa = PBXFileReference; lastKnownFileType = sourcecode.swift; path = AppDelegate.swift; sourceTree = "<group>"; };
		A48514271BD428A100F1D088 /* ViewController.swift */ = {isa = PBXFileReference; lastKnownFileType = sourcecode.swift; path = ViewController.swift; sourceTree = "<group>"; };
		A485142A1BD428A100F1D088 /* Base */ = {isa = PBXFileReference; lastKnownFileType = file.storyboard; name = Base; path = Base.lproj/Main.storyboard; sourceTree = "<group>"; };
		A485142C1BD428A200F1D088 /* Assets.xcassets */ = {isa = PBXFileReference; lastKnownFileType = folder.assetcatalog; path = Assets.xcassets; sourceTree = "<group>"; };
		A485142F1BD428A200F1D088 /* Base */ = {isa = PBXFileReference; lastKnownFileType = file.storyboard; name = Base; path = Base.lproj/LaunchScreen.storyboard; sourceTree = "<group>"; };
		A48514311BD428A200F1D088 /* Info.plist */ = {isa = PBXFileReference; lastKnownFileType = text.plist.xml; path = Info.plist; sourceTree = "<group>"; };
		A4F978E01BD5DD870051FBF0 /* TransactionsViewController.swift */ = {isa = PBXFileReference; fileEncoding = 4; lastKnownFileType = sourcecode.swift; name = TransactionsViewController.swift; path = ../TransactionsViewController.swift; sourceTree = "<group>"; };
		A4F978E41BD5E68C0051FBF0 /* Transaction.swift */ = {isa = PBXFileReference; fileEncoding = 4; lastKnownFileType = sourcecode.swift; path = Transaction.swift; sourceTree = "<group>"; };
/* End PBXFileReference section */

/* Begin PBXFrameworksBuildPhase section */
		A485141F1BD428A100F1D088 /* Frameworks */ = {
			isa = PBXFrameworksBuildPhase;
			buildActionMask = 2147483647;
			files = (
			);
			runOnlyForDeploymentPostprocessing = 0;
		};
/* End PBXFrameworksBuildPhase section */

/* Begin PBXGroup section */
		A48514191BD428A000F1D088 = {
			isa = PBXGroup;
			children = (
				A48514241BD428A100F1D088 /* Electronic Register */,
				A48514231BD428A100F1D088 /* Products */,
			);
			sourceTree = "<group>";
		};
		A48514231BD428A100F1D088 /* Products */ = {
			isa = PBXGroup;
			children = (
				A48514221BD428A100F1D088 /* Electronic Register.app */,
			);
			name = Products;
			sourceTree = "<group>";
		};
		A48514241BD428A100F1D088 /* Electronic Register */ = {
			isa = PBXGroup;
			children = (
				A48514251BD428A100F1D088 /* AppDelegate.swift */,
				A48514291BD428A100F1D088 /* Main.storyboard */,
				A4F978E41BD5E68C0051FBF0 /* Transaction.swift */,
				A4F978E21BD5E5DB0051FBF0 /* View Controllers */,
				A4F978E31BD5E5EC0051FBF0 /* Assets */,
			);
			path = "Electronic Register";
			sourceTree = "<group>";
		};
		A4F978E21BD5E5DB0051FBF0 /* View Controllers */ = {
			isa = PBXGroup;
			children = (
				A48514271BD428A100F1D088 /* ViewController.swift */,
				A4102F281BD5A6BE00E1D695 /* OurSVCViewController.swift */,
				A4F978E01BD5DD870051FBF0 /* TransactionsViewController.swift */,
			);
			name = "View Controllers";
			sourceTree = "<group>";
		};
		A4F978E31BD5E5EC0051FBF0 /* Assets */ = {
			isa = PBXGroup;
			children = (
				A485142C1BD428A200F1D088 /* Assets.xcassets */,
				A485142E1BD428A200F1D088 /* LaunchScreen.storyboard */,
				A48514311BD428A200F1D088 /* Info.plist */,
			);
			name = Assets;
			sourceTree = "<group>";
		};
/* End PBXGroup section */

/* Begin PBXNativeTarget section */
		A48514211BD428A100F1D088 /* Electronic Register */ = {
			isa = PBXNativeTarget;
			buildConfigurationList = A48514341BD428A200F1D088 /* Build configuration list for PBXNativeTarget "Electronic Register" */;
			buildPhases = (
				A485141E1BD428A100F1D088 /* Sources */,
				A485141F1BD428A100F1D088 /* Frameworks */,
				A48514201BD428A100F1D088 /* Resources */,
			);
			buildRules = (
			);
			dependencies = (
			);
			name = "Electronic Register";
			productName = "Electronic Register";
			productReference = A48514221BD428A100F1D088 /* Electronic Register.app */;
			productType = "com.apple.product-type.application";
		};
/* End PBXNativeTarget section */

/* Begin PBXProject section */
		A485141A1BD428A000F1D088 /* Project object */ = {
			isa = PBXProject;
			attributes = {
				LastUpgradeCheck = 0700;
				ORGANIZATIONNAME = "Jasper Reddin";
				TargetAttributes = {
					A48514211BD428A100F1D088 = {
						CreatedOnToolsVersion = 7.0.1;
						DevelopmentTeam = WJN3EALGRX;
					};
				};
			};
			buildConfigurationList = A485141D1BD428A000F1D088 /* Build configuration list for PBXProject "Electronic Register" */;
			compatibilityVersion = "Xcode 3.2";
			developmentRegion = English;
			hasScannedForEncodings = 0;
			knownRegions = (
				en,
				Base,
			);
			mainGroup = A48514191BD428A000F1D088;
			productRefGroup = A48514231BD428A100F1D088 /* Products */;
			projectDirPath = "";
			projectRoot = "";
			targets = (
				A48514211BD428A100F1D088 /* Electronic Register */,
			);
		};
/* End PBXProject section */

/* Begin PBXResourcesBuildPhase section */
		A48514201BD428A100F1D088 /* Resources */ = {
			isa = PBXResourcesBuildPhase;
			buildActionMask = 2147483647;
			files = (
				A48514301BD428A200F1D088 /* LaunchScreen.storyboard in Resources */,
				A485142D1BD428A200F1D088 /* Assets.xcassets in Resources */,
				A485142B1BD428A100F1D088 /* Main.storyboard in Resources */,
			);
			runOnlyForDeploymentPostprocessing = 0;
		};
/* End PBXResourcesBuildPhase section */

/* Begin PBXSourcesBuildPhase section */
		A485141E1BD428A100F1D088 /* Sources */ = {
			isa = PBXSourcesBuildPhase;
			buildActionMask = 2147483647;
			files = (
				A48514281BD428A100F1D088 /* ViewController.swift in Sources */,
				A48514261BD428A100F1D088 /* AppDelegate.swift in Sources */,
				A4F978E11BD5DD870051FBF0 /* TransactionsViewController.swift in Sources */,
				A4102F291BD5A6BE00E1D695 /* OurSVCViewController.swift in Sources */,
				A4F978E51BD5E68C0051FBF0 /* Transaction.swift in Sources */,
			);
			runOnlyForDeploymentPostprocessing = 0;
		};
/* End PBXSourcesBuildPhase section */

/* Begin PBXVariantGroup section */
		A48514291BD428A100F1D088 /* Main.storyboard */ = {
			isa = PBXVariantGroup;
			children = (
				A485142A1BD428A100F1D088 /* Base */,
			);
			name = Main.storyboard;
			sourceTree = "<group>";
		};
		A485142E1BD428A200F1D088 /* LaunchScreen.storyboard */ = {
			isa = PBXVariantGroup;
			children = (
				A485142F1BD428A200F1D088 /* Base */,
			);
			name = LaunchScreen.storyboard;
			sourceTree = "<group>";
		};
/* End PBXVariantGroup section */

/* Begin XCBuildConfiguration section */
		A48514321BD428A200F1D088 /* Debug */ = {
			isa = XCBuildConfiguration;
			buildSettings = {
				ALWAYS_SEARCH_USER_PATHS = NO;
				CLANG_CXX_LANGUAGE_STANDARD = "gnu++0x";
				CLANG_CXX_LIBRARY = "libc++";
				CLANG_ENABLE_MODULES = YES;
				CLANG_ENABLE_OBJC_ARC = YES;
				CLANG_WARN_BOOL_CONVERSION = YES;
				CLANG_WARN_CONSTANT_CONVERSION = YES;
				CLANG_WARN_DIRECT_OBJC_ISA_USAGE = YES_ERROR;
				CLANG_WARN_EMPTY_BODY = YES;
				CLANG_WARN_ENUM_CONVERSION = YES;
				CLANG_WARN_INT_CONVERSION = YES;
				CLANG_WARN_OBJC_ROOT_CLASS = YES_ERROR;
				CLANG_WARN_UNREACHABLE_CODE = YES;
				CLANG_WARN__DUPLICATE_METHOD_MATCH = YES;
				"CODE_SIGN_IDENTITY[sdk=iphoneos*]" = "iPhone Developer";
				COPY_PHASE_STRIP = NO;
				DEBUG_INFORMATION_FORMAT = dwarf;
				ENABLE_STRICT_OBJC_MSGSEND = YES;
				ENABLE_TESTABILITY = YES;
				GCC_C_LANGUAGE_STANDARD = gnu99;
				GCC_DYNAMIC_NO_PIC = NO;
				GCC_NO_COMMON_BLOCKS = YES;
				GCC_OPTIMIZATION_LEVEL = 0;
				GCC_PREPROCESSOR_DEFINITIONS = (
					"DEBUG=1",
					"$(inherited)",
				);
				GCC_WARN_64_TO_32_BIT_CONVERSION = YES;
				GCC_WARN_ABOUT_RETURN_TYPE = YES_ERROR;
				GCC_WARN_UNDECLARED_SELECTOR = YES;
				GCC_WARN_UNINITIALIZED_AUTOS = YES_AGGRESSIVE;
				GCC_WARN_UNUSED_FUNCTION = YES;
				GCC_WARN_UNUSED_VARIABLE = YES;
				IPHONEOS_DEPLOYMENT_TARGET = 9.0;
				MTL_ENABLE_DEBUG_INFO = YES;
				ONLY_ACTIVE_ARCH = YES;
				SDKROOT = iphoneos;
				SWIFT_OPTIMIZATION_LEVEL = "-Onone";
				TARGETED_DEVICE_FAMILY = "1,2";
			};
			name = Debug;
		};
		A48514331BD428A200F1D088 /* Release */ = {
			isa = XCBuildConfiguration;
			buildSettings = {
				ALWAYS_SEARCH_USER_PATHS = NO;
				CLANG_CXX_LANGUAGE_STANDARD = "gnu++0x";
				CLANG_CXX_LIBRARY = "libc++";
				CLANG_ENABLE_MODULES = YES;
				CLANG_ENABLE_OBJC_ARC = YES;
				CLANG_WARN_BOOL_CONVERSION = YES;
				CLANG_WARN_CONSTANT_CONVERSION = YES;
				CLANG_WARN_DIRECT_OBJC_ISA_USAGE = YES_ERROR;
				CLANG_WARN_EMPTY_BODY = YES;
				CLANG_WARN_ENUM_CONVERSION = YES;
				CLANG_WARN_INT_CONVERSION = YES;
				CLANG_WARN_OBJC_ROOT_CLASS = YES_ERROR;
				CLANG_WARN_UNREACHABLE_CODE = YES;
				CLANG_WARN__DUPLICATE_METHOD_MATCH = YES;
				"CODE_SIGN_IDENTITY[sdk=iphoneos*]" = "iPhone Developer";
				COPY_PHASE_STRIP = NO;
				DEBUG_INFORMATION_FORMAT = "dwarf-with-dsym";
				ENABLE_NS_ASSERTIONS = NO;
				ENABLE_STRICT_OBJC_MSGSEND = YES;
				GCC_C_LANGUAGE_STANDARD = gnu99;
				GCC_NO_COMMON_BLOCKS = YES;
				GCC_WARN_64_TO_32_BIT_CONVERSION = YES;
				GCC_WARN_ABOUT_RETURN_TYPE = YES_ERROR;
				GCC_WARN_UNDECLARED_SELECTOR = YES;
				GCC_WARN_UNINITIALIZED_AUTOS = YES_AGGRESSIVE;
				GCC_WARN_UNUSED_FUNCTION = YES;
				GCC_WARN_UNUSED_VARIABLE = YES;
				IPHONEOS_DEPLOYMENT_TARGET = 9.0;
				MTL_ENABLE_DEBUG_INFO = NO;
				SDKROOT = iphoneos;
				TARGETED_DEVICE_FAMILY = "1,2";
				VALIDATE_PRODUCT = YES;
			};
			name = Release;
		};
		A48514351BD428A200F1D088 /* Debug */ = {
			isa = XCBuildConfiguration;
			buildSettings = {
				ASSETCATALOG_COMPILER_APPICON_NAME = AppIcon;
				INFOPLIST_FILE = "Electronic Register/Info.plist";
				LD_RUNPATH_SEARCH_PATHS = "$(inherited) @executable_path/Frameworks";
				PRODUCT_BUNDLE_IDENTIFIER = "jasper.Electronic-Register";
				PRODUCT_NAME = "$(TARGET_NAME)";
				TARGETED_DEVICE_FAMILY = 1;
			};
			name = Debug;
		};
		A48514361BD428A200F1D088 /* Release */ = {
			isa = XCBuildConfiguration;
			buildSettings = {
				ASSETCATALOG_COMPILER_APPICON_NAME = AppIcon;
				INFOPLIST_FILE = "Electronic Register/Info.plist";
				LD_RUNPATH_SEARCH_PATHS = "$(inherited) @executable_path/Frameworks";
				PRODUCT_BUNDLE_IDENTIFIER = "jasper.Electronic-Register";
				PRODUCT_NAME = "$(TARGET_NAME)";
				TARGETED_DEVICE_FAMILY = 1;
			};
			name = Release;
		};
/* End XCBuildConfiguration section */

/* Begin XCConfigurationList section */
		A485141D1BD428A000F1D088 /* Build configuration list for PBXProject "Electronic Register" */ = {
			isa = XCConfigurationList;
			buildConfigurations = (
				A48514321BD428A200F1D088 /* Debug */,
				A48514331BD428A200F1D088 /* Release */,
			);
			defaultConfigurationIsVisible = 0;
			defaultConfigurationName = Release;
		};
		A48514341BD428A200F1D088 /* Build configuration list for PBXNativeTarget "Electronic Register" */ = {
			isa = XCConfigurationList;
			buildConfigurations = (
				A48514351BD428A200F1D088 /* Debug */,
				A48514361BD428A200F1D088 /* Release */,
			);
			defaultConfigurationIsVisible = 0;
			defaultConfigurationName = Release;
		};
/* End XCConfigurationList section */
	};
	rootObject = A485141A1BD428A000F1D088 /* Project object */;
}
